
Microsoft Visual Studio Solution File, Format Version 12.00
# Visual Studio Version 16
VisualStudioVersion = 16.0.30717.126
MinimumVisualStudioVersion = 10.0.40219.1
Project("{9A19103F-16F7-4668-BE54-9A1E7A4F7556}") = "GeeksCloudLibrary", "GeeksCloudLibrary\GeeksCloudLibrary.csproj", "{53E9A9A8-80F8-4AAA-81E9-30CFEE8067F1}"
EndProject
Project("{9A19103F-16F7-4668-BE54-9A1E7A4F7556}") = "GeeksCloudLibraryXUnitTest", "GeeksCloudLibraryXUnitTest\GeeksCloudLibraryXUnitTest.csproj", "{686E895F-B82E-4362-894A-8601DC07EE06}"
EndProject
Global
	GlobalSection(SolutionConfigurationPlatforms) = preSolution
		Debug|Any CPU = Debug|Any CPU
		Release|Any CPU = Release|Any CPU
	EndGlobalSection
	GlobalSection(ProjectConfigurationPlatforms) = postSolution
		{53E9A9A8-80F8-4AAA-81E9-30CFEE8067F1}.Debug|Any CPU.ActiveCfg = Debug|Any CPU
		{53E9A9A8-80F8-4AAA-81E9-30CFEE8067F1}.Debug|Any CPU.Build.0 = Debug|Any CPU
		{53E9A9A8-80F8-4AAA-81E9-30CFEE8067F1}.Release|Any CPU.ActiveCfg = Release|Any CPU
		{53E9A9A8-80F8-4AAA-81E9-30CFEE8067F1}.Release|Any CPU.Build.0 = Release|Any CPU
		{686E895F-B82E-4362-894A-8601DC07EE06}.Debug|Any CPU.ActiveCfg = Debug|Any CPU
		{686E895F-B82E-4362-894A-8601DC07EE06}.Debug|Any CPU.Build.0 = Debug|Any CPU
		{686E895F-B82E-4362-894A-8601DC07EE06}.Release|Any CPU.ActiveCfg = Release|Any CPU
		{686E895F-B82E-4362-894A-8601DC07EE06}.Release|Any CPU.Build.0 = Release|Any CPU
	EndGlobalSection
	GlobalSection(SolutionProperties) = preSolution
		HideSolutionNode = FALSE
	EndGlobalSection
	GlobalSection(ExtensibilityGlobals) = postSolution
		SolutionGuid = {C92C2CCA-4E13-4FB5-A80A-C0BD1760BD9E}
	EndGlobalSection
EndGlobal
